
Microsoft Visual Studio Solution File, Format Version 12.00
# Visual Studio Version 16
VisualStudioVersion = 16.0.29926.136
MinimumVisualStudioVersion = 10.0.40219.1
Project("{9A19103F-16F7-4668-BE54-9A1E7A4F7556}") = "HoteliAPI", "HoteliAPI\HoteliAPI.csproj", "{5E68F694-E3A2-4FF7-8439-2EB287D876BC}"
EndProject
Project("{FAE04EC0-301F-11D3-BF4B-00C04F79EFBC}") = "HoteliAPITests", "HoteliAPITests\HoteliAPITests.csproj", "{B6C4613D-7F31-4382-8547-BE7BC09E3381}"
EndProject
Global
	GlobalSection(SolutionConfigurationPlatforms) = preSolution
		Debug|Any CPU = Debug|Any CPU
		Release|Any CPU = Release|Any CPU
	EndGlobalSection
	GlobalSection(ProjectConfigurationPlatforms) = postSolution
		{5E68F694-E3A2-4FF7-8439-2EB287D876BC}.Debug|Any CPU.ActiveCfg = Debug|Any CPU
		{5E68F694-E3A2-4FF7-8439-2EB287D876BC}.Debug|Any CPU.Build.0 = Debug|Any CPU
		{5E68F694-E3A2-4FF7-8439-2EB287D876BC}.Release|Any CPU.ActiveCfg = Release|Any CPU
		{5E68F694-E3A2-4FF7-8439-2EB287D876BC}.Release|Any CPU.Build.0 = Release|Any CPU
		{B6C4613D-7F31-4382-8547-BE7BC09E3381}.Debug|Any CPU.ActiveCfg = Debug|Any CPU
		{B6C4613D-7F31-4382-8547-BE7BC09E3381}.Debug|Any CPU.Build.0 = Debug|Any CPU
		{B6C4613D-7F31-4382-8547-BE7BC09E3381}.Release|Any CPU.ActiveCfg = Release|Any CPU
		{B6C4613D-7F31-4382-8547-BE7BC09E3381}.Release|Any CPU.Build.0 = Release|Any CPU
	EndGlobalSection
	GlobalSection(SolutionProperties) = preSolution
		HideSolutionNode = FALSE
	EndGlobalSection
	GlobalSection(ExtensibilityGlobals) = postSolution
		SolutionGuid = {F0B630AE-E942-4E2A-8350-27EA781825A9}
	EndGlobalSection
EndGlobal
